// !$*UTF8*$!
{
	archiveVersion = 1;
	classes = {
	};
	objectVersion = 46;
	objects = {

/* Begin PBXBuildFile section */
		44140EE81A52B38600A612B8 /* Crosshair.m in Sources */ = {isa = PBXBuildFile; fileRef = 44140EE71A52B38600A612B8 /* Crosshair.m */; };
		443CA72D19C0B171003BACD8 /* AVFoundation.framework in Frameworks */ = {isa = PBXBuildFile; fileRef = 443CA72C19C0B171003BACD8 /* AVFoundation.framework */; };
		444F09D91A1CEFB500E5E7C3 /* AppDelegate.m in Sources */ = {isa = PBXBuildFile; fileRef = 444F09A81A1CEFB500E5E7C3 /* AppDelegate.m */; };
		444F09E21A1CEFB500E5E7C3 /* Dots.m in Sources */ = {isa = PBXBuildFile; fileRef = 444F09B71A1CEFB500E5E7C3 /* Dots.m */; };
		444F09E31A1CEFB500E5E7C3 /* InfoPlist.strings in Resources */ = {isa = PBXBuildFile; fileRef = 444F09B81A1CEFB500E5E7C3 /* InfoPlist.strings */; };
		444F09E41A1CEFB500E5E7C3 /* MainStoryboard.storyboard in Resources */ = {isa = PBXBuildFile; fileRef = 444F09BA1A1CEFB500E5E7C3 /* MainStoryboard.storyboard */; };
		444F09E91A1CEFB500E5E7C3 /* MachTimer.m in Sources */ = {isa = PBXBuildFile; fileRef = 444F09C31A1CEFB500E5E7C3 /* MachTimer.m */; };
		444F09EA1A1CEFB500E5E7C3 /* main.m in Sources */ = {isa = PBXBuildFile; fileRef = 444F09C41A1CEFB500E5E7C3 /* main.m */; };
		444F09F21A1CEFB500E5E7C3 /* ViewController.m in Sources */ = {isa = PBXBuildFile; fileRef = 444F09D71A1CEFB500E5E7C3 /* ViewController.m */; };
		444F09F61A1CF1EE00E5E7C3 /* AudioToolbox.framework in Frameworks */ = {isa = PBXBuildFile; fileRef = 70C2EB5F1475F07400751AE8 /* AudioToolbox.framework */; };
		4470939619EDC41E00F6D53C /* GameKit.framework in Frameworks */ = {isa = PBXBuildFile; fileRef = 4470939519EDC41E00F6D53C /* GameKit.framework */; settings = {ATTRIBUTES = (Weak, ); }; };
		44866B4819B78B500084652A /* QuartzCore.framework in Frameworks */ = {isa = PBXBuildFile; fileRef = 44866B4719B78B500084652A /* QuartzCore.framework */; };
		448F046D1A22C678009F215E /* Arc.m in Sources */ = {isa = PBXBuildFile; fileRef = 448F046C1A22C678009F215E /* Arc.m */; };
		44D879991A243493001021B0 /* Images.xcassets in Resources */ = {isa = PBXBuildFile; fileRef = 44D879981A243493001021B0 /* Images.xcassets */; };
		44DCD2521A70A81F006518C5 /* Dimension.m in Sources */ = {isa = PBXBuildFile; fileRef = 44DCD2511A70A81F006518C5 /* Dimension.m */; };
		44E5E53D1A79BBD400CC18B0 /* UICountingLabel.m in Sources */ = {isa = PBXBuildFile; fileRef = 44E5E53C1A79BBD400CC18B0 /* UICountingLabel.m */; };
		44E9AC801A3E7C21003A45A4 /* Sparkline.m in Sources */ = {isa = PBXBuildFile; fileRef = 44E9AC7F1A3E7C21003A45A4 /* Sparkline.m */; };
		44FD6D9A19C49A86006C7099 /* CFNetwork.framework in Frameworks */ = {isa = PBXBuildFile; fileRef = 44FD6D9919C49A86006C7099 /* CFNetwork.framework */; };
		44FD6DA019C49A9F006C7099 /* MobileCoreServices.framework in Frameworks */ = {isa = PBXBuildFile; fileRef = 44FD6D9F19C49A9F006C7099 /* MobileCoreServices.framework */; };
		44FD6DA219C49AA7006C7099 /* Security.framework in Frameworks */ = {isa = PBXBuildFile; fileRef = 44FD6DA119C49AA7006C7099 /* Security.framework */; };
		44FD6DA619C49AB3006C7099 /* SystemConfiguration.framework in Frameworks */ = {isa = PBXBuildFile; fileRef = 44FD6DA519C49AB3006C7099 /* SystemConfiguration.framework */; };
		70C2EB411475EF4F00751AE8 /* UIKit.framework in Frameworks */ = {isa = PBXBuildFile; fileRef = 70C2EB401475EF4F00751AE8 /* UIKit.framework */; };
		70C2EB431475EF4F00751AE8 /* Foundation.framework in Frameworks */ = {isa = PBXBuildFile; fileRef = 70C2EB421475EF4F00751AE8 /* Foundation.framework */; };
		70C2EB451475EF4F00751AE8 /* CoreGraphics.framework in Frameworks */ = {isa = PBXBuildFile; fileRef = 70C2EB441475EF4F00751AE8 /* CoreGraphics.framework */; };
		AA0000081AAAAAA100000008 /* LaunchScreen.storyboard in Resources */ = {isa = PBXBuildFile; fileRef = AA0000071AAAAAA100000007 /* LaunchScreen.storyboard */; };
		AA00000A1AAAAAA10000000A /* PrivacyInfo.xcprivacy in Resources */ = {isa = PBXBuildFile; fileRef = AA0000091AAAAAA100000009 /* PrivacyInfo.xcprivacy */; };
/* End PBXBuildFile section */

/* Begin PBXFileReference section */
		44140EE61A52B38600A612B8 /* Crosshair.h */ = {isa = PBXFileReference; fileEncoding = 4; lastKnownFileType = sourcecode.c.h; path = Crosshair.h; sourceTree = "<group>"; };
		44140EE71A52B38600A612B8 /* Crosshair.m */ = {isa = PBXFileReference; fileEncoding = 4; lastKnownFileType = sourcecode.c.objc; path = Crosshair.m; sourceTree = "<group>"; };
		443CA72C19C0B171003BACD8 /* AVFoundation.framework */ = {isa = PBXFileReference; lastKnownFileType = wrapper.framework; name = AVFoundation.framework; path = System/Library/Frameworks/AVFoundation.framework; sourceTree = SDKROOT; };
		444F09A71A1CEFB500E5E7C3 /* AppDelegate.h */ = {isa = PBXFileReference; fileEncoding = 4; lastKnownFileType = sourcecode.c.h; path = AppDelegate.h; sourceTree = "<group>"; };
		444F09A81A1CEFB500E5E7C3 /* AppDelegate.m */ = {isa = PBXFileReference; fileEncoding = 4; lastKnownFileType = sourcecode.c.objc; path = AppDelegate.m; sourceTree = "<group>"; };
		444F09B61A1CEFB500E5E7C3 /* Dots.h */ = {isa = PBXFileReference; fileEncoding = 4; lastKnownFileType = sourcecode.c.h; path = Dots.h; sourceTree = "<group>"; };
		444F09B71A1CEFB500E5E7C3 /* Dots.m */ = {isa = PBXFileReference; fileEncoding = 4; lastKnownFileType = sourcecode.c.objc; path = Dots.m; sourceTree = "<group>"; };
		444F09B91A1CEFB500E5E7C3 /* en */ = {isa = PBXFileReference; lastKnownFileType = text.plist.strings; name = en; path = en.lproj/InfoPlist.strings; sourceTree = "<group>"; };
		444F09BB1A1CEFB500E5E7C3 /* en */ = {isa = PBXFileReference; lastKnownFileType = file.storyboard; name = en; path = en.lproj/MainStoryboard.storyboard; sourceTree = "<group>"; };
		444F09C21A1CEFB500E5E7C3 /* MachTimer.h */ = {isa = PBXFileReference; fileEncoding = 4; lastKnownFileType = sourcecode.c.h; path = MachTimer.h; sourceTree = "<group>"; };
		444F09C31A1CEFB500E5E7C3 /* MachTimer.m */ = {isa = PBXFileReference; fileEncoding = 4; lastKnownFileType = sourcecode.c.objc; path = MachTimer.m; sourceTree = "<group>"; };
		444F09C41A1CEFB500E5E7C3 /* main.m */ = {isa = PBXFileReference; fileEncoding = 4; lastKnownFileType = sourcecode.c.objc; path = main.m; sourceTree = "<group>"; };
		444F09C81A1CEFB500E5E7C3 /* Info.plist */ = {isa = PBXFileReference; fileEncoding = 4; lastKnownFileType = text.plist.xml; path = Info.plist; sourceTree = "<group>"; };
		444F09C91A1CEFB500E5E7C3 /* Darkball.pch */ = {isa = PBXFileReference; fileEncoding = 4; lastKnownFileType = sourcecode.c.h; path = Darkball.pch; sourceTree = "<group>"; };
		444F09D61A1CEFB500E5E7C3 /* ViewController.h */ = {isa = PBXFileReference; fileEncoding = 4; lastKnownFileType = sourcecode.c.h; path = ViewController.h; sourceTree = "<group>"; };
		444F09D71A1CEFB500E5E7C3 /* ViewController.m */ = {isa = PBXFileReference; fileEncoding = 4; lastKnownFileType = sourcecode.c.objc; path = ViewController.m; sourceTree = "<group>"; };
		4470939519EDC41E00F6D53C /* GameKit.framework */ = {isa = PBXFileReference; lastKnownFileType = wrapper.framework; name = GameKit.framework; path = System/Library/Frameworks/GameKit.framework; sourceTree = SDKROOT; };
		44866B4719B78B500084652A /* QuartzCore.framework */ = {isa = PBXFileReference; lastKnownFileType = wrapper.framework; name = QuartzCore.framework; path = System/Library/Frameworks/QuartzCore.framework; sourceTree = SDKROOT; };
		448F046B1A22C678009F215E /* Arc.h */ = {isa = PBXFileReference; fileEncoding = 4; lastKnownFileType = sourcecode.c.h; path = Arc.h; sourceTree = "<group>"; };
		448F046C1A22C678009F215E /* Arc.m */ = {isa = PBXFileReference; fileEncoding = 4; lastKnownFileType = sourcecode.c.objc; path = Arc.m; sourceTree = "<group>"; };
		44D879981A243493001021B0 /* Images.xcassets */ = {isa = PBXFileReference; lastKnownFileType = folder.assetcatalog; path = Images.xcassets; sourceTree = "<group>"; };
		44DCD2501A70A81F006518C5 /* Dimension.h */ = {isa = PBXFileReference; fileEncoding = 4; lastKnownFileType = sourcecode.c.h; path = Dimension.h; sourceTree = "<group>"; };
		44DCD2511A70A81F006518C5 /* Dimension.m */ = {isa = PBXFileReference; fileEncoding = 4; lastKnownFileType = sourcecode.c.objc; path = Dimension.m; sourceTree = "<group>"; };
		44E5E53B1A79BBD400CC18B0 /* UICountingLabel.h */ = {isa = PBXFileReference; fileEncoding = 4; lastKnownFileType = sourcecode.c.h; path = UICountingLabel.h; sourceTree = "<group>"; };
		44E5E53C1A79BBD400CC18B0 /* UICountingLabel.m */ = {isa = PBXFileReference; fileEncoding = 4; lastKnownFileType = sourcecode.c.objc; path = UICountingLabel.m; sourceTree = "<group>"; };
		44E9AC7E1A3E7C21003A45A4 /* Sparkline.h */ = {isa = PBXFileReference; fileEncoding = 4; lastKnownFileType = sourcecode.c.h; path = Sparkline.h; sourceTree = "<group>"; };
		44E9AC7F1A3E7C21003A45A4 /* Sparkline.m */ = {isa = PBXFileReference; fileEncoding = 4; lastKnownFileType = sourcecode.c.objc; path = Sparkline.m; sourceTree = "<group>"; };
		44FD6D9919C49A86006C7099 /* CFNetwork.framework */ = {isa = PBXFileReference; lastKnownFileType = wrapper.framework; name = CFNetwork.framework; path = System/Library/Frameworks/CFNetwork.framework; sourceTree = SDKROOT; };
		44FD6D9F19C49A9F006C7099 /* MobileCoreServices.framework */ = {isa = PBXFileReference; lastKnownFileType = wrapper.framework; name = MobileCoreServices.framework; path = System/Library/Frameworks/MobileCoreServices.framework; sourceTree = SDKROOT; };
		44FD6DA119C49AA7006C7099 /* Security.framework */ = {isa = PBXFileReference; lastKnownFileType = wrapper.framework; name = Security.framework; path = System/Library/Frameworks/Security.framework; sourceTree = SDKROOT; };
		44FD6DA519C49AB3006C7099 /* SystemConfiguration.framework */ = {isa = PBXFileReference; lastKnownFileType = wrapper.framework; name = SystemConfiguration.framework; path = System/Library/Frameworks/SystemConfiguration.framework; sourceTree = SDKROOT; };
		70C2EB3C1475EF4F00751AE8 /* Darkball.app */ = {isa = PBXFileReference; explicitFileType = wrapper.application; includeInIndex = 0; path = Darkball.app; sourceTree = BUILT_PRODUCTS_DIR; };
		70C2EB401475EF4F00751AE8 /* UIKit.framework */ = {isa = PBXFileReference; lastKnownFileType = wrapper.framework; name = UIKit.framework; path = System/Library/Frameworks/UIKit.framework; sourceTree = SDKROOT; };
		70C2EB421475EF4F00751AE8 /* Foundation.framework */ = {isa = PBXFileReference; lastKnownFileType = wrapper.framework; name = Foundation.framework; path = System/Library/Frameworks/Foundation.framework; sourceTree = SDKROOT; };
		70C2EB441475EF4F00751AE8 /* CoreGraphics.framework */ = {isa = PBXFileReference; lastKnownFileType = wrapper.framework; name = CoreGraphics.framework; path = System/Library/Frameworks/CoreGraphics.framework; sourceTree = SDKROOT; };
		70C2EB5F1475F07400751AE8 /* AudioToolbox.framework */ = {isa = PBXFileReference; lastKnownFileType = wrapper.framework; name = AudioToolbox.framework; path = System/Library/Frameworks/AudioToolbox.framework; sourceTree = SDKROOT; };
		AA0000071AAAAAA100000007 /* LaunchScreen.storyboard */ = {isa = PBXFileReference; lastKnownFileType = file.storyboard; path = LaunchScreen.storyboard; sourceTree = "<group>"; };
		AA0000091AAAAAA100000009 /* PrivacyInfo.xcprivacy */ = {isa = PBXFileReference; lastKnownFileType = text; path = PrivacyInfo.xcprivacy; sourceTree = "<group>"; };
/* End PBXFileReference section */

/* Begin PBXFrameworksBuildPhase section */
		70C2EB391475EF4F00751AE8 /* Frameworks */ = {
			isa = PBXFrameworksBuildPhase;
			buildActionMask = 2147483647;
			files = (
				444F09F61A1CF1EE00E5E7C3 /* AudioToolbox.framework in Frameworks */,
				4470939619EDC41E00F6D53C /* GameKit.framework in Frameworks */,
				44FD6DA619C49AB3006C7099 /* SystemConfiguration.framework in Frameworks */,
				44FD6DA219C49AA7006C7099 /* Security.framework in Frameworks */,
				44FD6DA019C49A9F006C7099 /* MobileCoreServices.framework in Frameworks */,
				44FD6D9A19C49A86006C7099 /* CFNetwork.framework in Frameworks */,
				443CA72D19C0B171003BACD8 /* AVFoundation.framework in Frameworks */,
				44866B4819B78B500084652A /* QuartzCore.framework in Frameworks */,
				70C2EB411475EF4F00751AE8 /* UIKit.framework in Frameworks */,
				70C2EB431475EF4F00751AE8 /* Foundation.framework in Frameworks */,
				70C2EB451475EF4F00751AE8 /* CoreGraphics.framework in Frameworks */,
			);
			runOnlyForDeploymentPostprocessing = 0;
		};
/* End PBXFrameworksBuildPhase section */

/* Begin PBXGroup section */
		444F09A61A1CEFB500E5E7C3 /* Darkball */ = {
			isa = PBXGroup;
			children = (
				444F09C41A1CEFB500E5E7C3 /* main.m */,
				444F09A71A1CEFB500E5E7C3 /* AppDelegate.h */,
				444F09A81A1CEFB500E5E7C3 /* AppDelegate.m */,
				444F09F51A1CF11000E5E7C3 /* Helpers */,
				444F09F41A1CF0EE00E5E7C3 /* Misc */,
				444F09D61A1CEFB500E5E7C3 /* ViewController.h */,
				444F09D71A1CEFB500E5E7C3 /* ViewController.m */,
				AA0000071AAAAAA100000007 /* LaunchScreen.storyboard */,
				AA0000091AAAAAA100000009 /* PrivacyInfo.xcprivacy */,
			);
			path = Darkball;
			sourceTree = "<group>";
		};
		444F09F41A1CF0EE00E5E7C3 /* Misc */ = {
			isa = PBXGroup;
			children = (
				44D879981A243493001021B0 /* Images.xcassets */,
				444F09C81A1CEFB500E5E7C3 /* Info.plist */,
				444F09C91A1CEFB500E5E7C3 /* Darkball.pch */,
				444F09B81A1CEFB500E5E7C3 /* InfoPlist.strings */,
				444F09BA1A1CEFB500E5E7C3 /* MainStoryboard.storyboard */,
			);
			name = Misc;
			sourceTree = "<group>";
		};
		444F09F51A1CF11000E5E7C3 /* Helpers */ = {
			isa = PBXGroup;
			children = (
				44E5E53B1A79BBD400CC18B0 /* UICountingLabel.h */,
				44E5E53C1A79BBD400CC18B0 /* UICountingLabel.m */,
				448F046B1A22C678009F215E /* Arc.h */,
				448F046C1A22C678009F215E /* Arc.m */,
				444F09C21A1CEFB500E5E7C3 /* MachTimer.h */,
				444F09C31A1CEFB500E5E7C3 /* MachTimer.m */,
				444F09B61A1CEFB500E5E7C3 /* Dots.h */,
				444F09B71A1CEFB500E5E7C3 /* Dots.m */,
				44E9AC7E1A3E7C21003A45A4 /* Sparkline.h */,
				44E9AC7F1A3E7C21003A45A4 /* Sparkline.m */,
				44140EE61A52B38600A612B8 /* Crosshair.h */,
				44140EE71A52B38600A612B8 /* Crosshair.m */,
				44DCD2501A70A81F006518C5 /* Dimension.h */,
				44DCD2511A70A81F006518C5 /* Dimension.m */,
			);
			name = Helpers;
			sourceTree = "<group>";
		};
		70C2EB311475EF4F00751AE8 = {
			isa = PBXGroup;
			children = (
				444F09A61A1CEFB500E5E7C3 /* Darkball */,
				70C2EB3F1475EF4F00751AE8 /* Frameworks */,
				70C2EB3D1475EF4F00751AE8 /* Products */,
			);
			sourceTree = "<group>";
		};
		70C2EB3D1475EF4F00751AE8 /* Products */ = {
			isa = PBXGroup;
			children = (
				70C2EB3C1475EF4F00751AE8 /* Darkball.app */,
			);
			name = Products;
			sourceTree = "<group>";
		};
		70C2EB3F1475EF4F00751AE8 /* Frameworks */ = {
			isa = PBXGroup;
			children = (
				4470939519EDC41E00F6D53C /* GameKit.framework */,
				44FD6DA519C49AB3006C7099 /* SystemConfiguration.framework */,
				44FD6DA119C49AA7006C7099 /* Security.framework */,
				44FD6D9F19C49A9F006C7099 /* MobileCoreServices.framework */,
				44FD6D9919C49A86006C7099 /* CFNetwork.framework */,
				443CA72C19C0B171003BACD8 /* AVFoundation.framework */,
				44866B4719B78B500084652A /* QuartzCore.framework */,
				70C2EB5F1475F07400751AE8 /* AudioToolbox.framework */,
				70C2EB401475EF4F00751AE8 /* UIKit.framework */,
				70C2EB421475EF4F00751AE8 /* Foundation.framework */,
				70C2EB441475EF4F00751AE8 /* CoreGraphics.framework */,
			);
			name = Frameworks;
			sourceTree = "<group>";
		};
/* End PBXGroup section */

/* Begin PBXNativeTarget section */
		70C2EB3B1475EF4F00751AE8 /* Darkball */ = {
			isa = PBXNativeTarget;
			buildConfigurationList = 70C2EB5A1475EF4F00751AE8 /* Build configuration list for PBXNativeTarget "Darkball" */;
			buildPhases = (
				70C2EB381475EF4F00751AE8 /* Sources */,
				70C2EB391475EF4F00751AE8 /* Frameworks */,
				70C2EB3A1475EF4F00751AE8 /* Resources */,
			);
			buildRules = (
			);
			dependencies = (
			);
			name = Darkball;
			productName = Darkball;
			productReference = 70C2EB3C1475EF4F00751AE8 /* Darkball.app */;
			productType = "com.apple.product-type.application";
		};
/* End PBXNativeTarget section */

/* Begin PBXProject section */
		70C2EB331475EF4F00751AE8 /* Project object */ = {
			isa = PBXProject;
			attributes = {
				LastUpgradeCheck = 0630;
				TargetAttributes = {
					70C2EB3B1475EF4F00751AE8 = {
						DevelopmentTeam = L6DVQR8JB9;
						SystemCapabilities = {
							com.apple.GameCenter = {
								enabled = 1;
							};
							com.apple.InAppPurchase = {
								enabled = 0;
							};
						};
					};
				};
			};
			buildConfigurationList = 70C2EB361475EF4F00751AE8 /* Build configuration list for PBXProject "Darkball" */;
			compatibilityVersion = "Xcode 3.2";
			developmentRegion = English;
			hasScannedForEncodings = 0;
			knownRegions = (
				English,
				en,
			);
			mainGroup = 70C2EB311475EF4F00751AE8;
			productRefGroup = 70C2EB3D1475EF4F00751AE8 /* Products */;
			projectDirPath = "";
			projectRoot = "";
			targets = (
				70C2EB3B1475EF4F00751AE8 /* Darkball */,
			);
		};
/* End PBXProject section */

/* Begin PBXResourcesBuildPhase section */
		70C2EB3A1475EF4F00751AE8 /* Resources */ = {
			isa = PBXResourcesBuildPhase;
			buildActionMask = 2147483647;
			files = (
				444F09E41A1CEFB500E5E7C3 /* MainStoryboard.storyboard in Resources */,
				44D879991A243493001021B0 /* Images.xcassets in Resources */,
				444F09E31A1CEFB500E5E7C3 /* InfoPlist.strings in Resources */,
				AA0000081AAAAAA100000008 /* LaunchScreen.storyboard in Resources */,
				AA00000A1AAAAAA10000000A /* PrivacyInfo.xcprivacy in Resources */,
			);
			runOnlyForDeploymentPostprocessing = 0;
		};
/* End PBXResourcesBuildPhase section */

/* Begin PBXSourcesBuildPhase section */
		70C2EB381475EF4F00751AE8 /* Sources */ = {
			isa = PBXSourcesBuildPhase;
			buildActionMask = 2147483647;
			files = (
				44E9AC801A3E7C21003A45A4 /* Sparkline.m in Sources */,
				444F09EA1A1CEFB500E5E7C3 /* main.m in Sources */,
				444F09D91A1CEFB500E5E7C3 /* AppDelegate.m in Sources */,
				44E5E53D1A79BBD400CC18B0 /* UICountingLabel.m in Sources */,
				444F09E21A1CEFB500E5E7C3 /* Dots.m in Sources */,
				44DCD2521A70A81F006518C5 /* Dimension.m in Sources */,
				44140EE81A52B38600A612B8 /* Crosshair.m in Sources */,
				444F09E91A1CEFB500E5E7C3 /* MachTimer.m in Sources */,
				444F09F21A1CEFB500E5E7C3 /* ViewController.m in Sources */,
				448F046D1A22C678009F215E /* Arc.m in Sources */,
			);
			runOnlyForDeploymentPostprocessing = 0;
		};
/* End PBXSourcesBuildPhase section */

/* Begin PBXVariantGroup section */
		444F09B81A1CEFB500E5E7C3 /* InfoPlist.strings */ = {
			isa = PBXVariantGroup;
			children = (
				444F09B91A1CEFB500E5E7C3 /* en */,
			);
			name = InfoPlist.strings;
			sourceTree = "<group>";
		};
		444F09BA1A1CEFB500E5E7C3 /* MainStoryboard.storyboard */ = {
			isa = PBXVariantGroup;
			children = (
				444F09BB1A1CEFB500E5E7C3 /* en */,
			);
			name = MainStoryboard.storyboard;
			sourceTree = "<group>";
		};
/* End PBXVariantGroup section */

/* Begin XCBuildConfiguration section */
		70C2EB581475EF4F00751AE8 /* Debug */ = {
			isa = XCBuildConfiguration;
			buildSettings = {
				ALWAYS_SEARCH_USER_PATHS = NO;
				CLANG_WARN_BOOL_CONVERSION = YES;
				CLANG_WARN_CONSTANT_CONVERSION = YES;
				CLANG_WARN_EMPTY_BODY = YES;
				CLANG_WARN_ENUM_CONVERSION = YES;
				CLANG_WARN_INT_CONVERSION = YES;
				CLANG_WARN_UNREACHABLE_CODE = YES;
				CLANG_WARN__DUPLICATE_METHOD_MATCH = YES;
				COPY_PHASE_STRIP = NO;
				ENABLE_STRICT_OBJC_MSGSEND = YES;
				GCC_C_LANGUAGE_STANDARD = gnu99;
				GCC_DYNAMIC_NO_PIC = NO;
				GCC_NO_COMMON_BLOCKS = YES;
				GCC_OPTIMIZATION_LEVEL = 0;
				GCC_PREPROCESSOR_DEFINITIONS = (
					"DEBUG=1",
					"$(inherited)",
				);
				GCC_SYMBOLS_PRIVATE_EXTERN = NO;
				GCC_VERSION = com.apple.compilers.llvm.clang.1_0;
				GCC_WARN_64_TO_32_BIT_CONVERSION = YES;
				GCC_WARN_ABOUT_MISSING_PROTOTYPES = YES;
				GCC_WARN_ABOUT_RETURN_TYPE = YES;
				GCC_WARN_UNDECLARED_SELECTOR = YES;
				GCC_WARN_UNINITIALIZED_AUTOS = YES;
				GCC_WARN_UNUSED_FUNCTION = YES;
				GCC_WARN_UNUSED_VARIABLE = YES;
				IPHONEOS_DEPLOYMENT_TARGET = 15.0;
				ONLY_ACTIVE_ARCH = YES;
				SDKROOT = iphoneos;
			};
			name = Debug;
		};
		70C2EB591475EF4F00751AE8 /* Release */ = {
			isa = XCBuildConfiguration;
			buildSettings = {
				ALWAYS_SEARCH_USER_PATHS = NO;
				CLANG_WARN_BOOL_CONVERSION = YES;
				CLANG_WARN_CONSTANT_CONVERSION = YES;
				CLANG_WARN_EMPTY_BODY = YES;
				CLANG_WARN_ENUM_CONVERSION = YES;
				CLANG_WARN_INT_CONVERSION = YES;
				CLANG_WARN_UNREACHABLE_CODE = YES;
				CLANG_WARN__DUPLICATE_METHOD_MATCH = YES;
				COPY_PHASE_STRIP = YES;
				ENABLE_STRICT_OBJC_MSGSEND = YES;
				GCC_C_LANGUAGE_STANDARD = gnu99;
				GCC_NO_COMMON_BLOCKS = YES;
				GCC_VERSION = com.apple.compilers.llvm.clang.1_0;
				GCC_WARN_64_TO_32_BIT_CONVERSION = YES;
				GCC_WARN_ABOUT_MISSING_PROTOTYPES = YES;
				GCC_WARN_ABOUT_RETURN_TYPE = YES;
				GCC_WARN_UNDECLARED_SELECTOR = YES;
				GCC_WARN_UNINITIALIZED_AUTOS = YES;
				GCC_WARN_UNUSED_FUNCTION = YES;
				GCC_WARN_UNUSED_VARIABLE = YES;
				IPHONEOS_DEPLOYMENT_TARGET = 15.0;
				ONLY_ACTIVE_ARCH = NO;
				OTHER_CFLAGS = "-DNS_BLOCK_ASSERTIONS=1";
				SDKROOT = iphoneos;
				VALIDATE_PRODUCT = YES;
			};
			name = Release;
		};
		70C2EB5B1475EF4F00751AE8 /* Debug */ = {
			isa = XCBuildConfiguration;
			buildSettings = {
				ASSETCATALOG_COMPILER_APPICON_NAME = AppIcon;
				CLANG_ENABLE_OBJC_ARC = YES;
				CODE_SIGN_IDENTITY = "Apple Development";
				CODE_SIGN_STYLE = Automatic;
				DEVELOPMENT_TEAM = L6DVQR8JB9;
				FRAMEWORK_SEARCH_PATHS = "$(inherited)";
				GCC_PRECOMPILE_PREFIX_HEADER = YES;
				GCC_PREFIX_HEADER = Darkball/Darkball.pch;
				INFOPLIST_FILE = Darkball/Info.plist;
				IPHONEOS_DEPLOYMENT_TARGET = 15.0;
				ONLY_ACTIVE_ARCH = YES;
				PRODUCT_BUNDLE_IDENTIFIER = com.cwandt.tatata;
				PRODUCT_NAME = Darkball;
				TARGETED_DEVICE_FAMILY = "1,2";
				VALID_ARCHS = "$(ARCHS_STANDARD)";
				WRAPPER_EXTENSION = app;
			};
			name = Debug;
		};
		70C2EB5C1475EF4F00751AE8 /* Release */ = {
			isa = XCBuildConfiguration;
			buildSettings = {
				ASSETCATALOG_COMPILER_APPICON_NAME = AppIcon;
				CLANG_ENABLE_OBJC_ARC = YES;
				CODE_SIGN_IDENTITY = "Apple Development";
				CODE_SIGN_STYLE = Automatic;
				DEVELOPMENT_TEAM = L6DVQR8JB9;
				FRAMEWORK_SEARCH_PATHS = "$(inherited)";
				GCC_PRECOMPILE_PREFIX_HEADER = YES;
				GCC_PREFIX_HEADER = Darkball/Darkball.pch;
				INFOPLIST_FILE = Darkball/Info.plist;
				IPHONEOS_DEPLOYMENT_TARGET = 15.0;
				ONLY_ACTIVE_ARCH = NO;
				PRODUCT_BUNDLE_IDENTIFIER = com.cwandt.tatata;
				PRODUCT_NAME = Darkball;
				TARGETED_DEVICE_FAMILY = "1,2";
				VALID_ARCHS = "$(ARCHS_STANDARD)";
				WRAPPER_EXTENSION = app;
			};
			name = Release;
		};
/* End XCBuildConfiguration section */

/* Begin XCConfigurationList section */
		70C2EB361475EF4F00751AE8 /* Build configuration list for PBXProject "Darkball" */ = {
			isa = XCConfigurationList;
			buildConfigurations = (
				70C2EB581475EF4F00751AE8 /* Debug */,
				70C2EB591475EF4F00751AE8 /* Release */,
			);
			defaultConfigurationIsVisible = 0;
			defaultConfigurationName = Release;
		};
		70C2EB5A1475EF4F00751AE8 /* Build configuration list for PBXNativeTarget "Darkball" */ = {
			isa = XCConfigurationList;
			buildConfigurations = (
				70C2EB5B1475EF4F00751AE8 /* Debug */,
				70C2EB5C1475EF4F00751AE8 /* Release */,
			);
			defaultConfigurationIsVisible = 0;
			defaultConfigurationName = Release;
		};
/* End XCConfigurationList section */
	};
	rootObject = 70C2EB331475EF4F00751AE8 /* Project object */;
}
